{
  "name": "codetracker",
  "version": "1.0.0",
  "lockfileVersion": 2,
  "requires": true,
  "packages": {
    "": {
      "name": "codetracker",
      "version": "1.0.0",
      "license": "ISC",
      "dependencies": {
        "pocketbase": "^0.14.4"
      }
    },
    "node_modules/pocketbase": {
      "version": "0.14.4",
      "resolved": "https://registry.npmjs.org/pocketbase/-/pocketbase-0.14.4.tgz",
      "integrity": "sha512-FZJmZ7+tRJ6ShK9h8nZJNSPVfDIR1gukqcAjrzc7IS2zgK4PdBv7wwIJtCRdYYBxHMNAvU1uFkpQ0sWE094wuw=="
    }
  },
  "dependencies": {
    "pocketbase": {
      "version": "0.14.4",
      "resolved": "https://registry.npmjs.org/pocketbase/-/pocketbase-0.14.4.tgz",
      "integrity": "sha512-FZJmZ7+tRJ6ShK9h8nZJNSPVfDIR1gukqcAjrzc7IS2zgK4PdBv7wwIJtCRdYYBxHMNAvU1uFkpQ0sWE094wuw=="
    }
  }
}
